
Microsoft Visual Studio Solution File, Format Version 12.00
# Visual Studio 2013
VisualStudioVersion = 12.0.21005.1
MinimumVisualStudioVersion = 10.0.40219.1
Project("{FAE04EC0-301F-11D3-BF4B-00C04F79EFBC}") = "MVC_ERP", "MVC_ERP\MVC_ERP.csproj", "{E20E0190-A028-4E85-A19C-BC07C7D9A496}"
EndProject
Project("{FAE04EC0-301F-11D3-BF4B-00C04F79EFBC}") = "MVC_ERP.Tests", "MVC_ERP.Tests\MVC_ERP.Tests.csproj", "{65C24A5A-4F8F-42BB-A793-755FA13B11B3}"
EndProject
Global
	GlobalSection(SolutionConfigurationPlatforms) = preSolution
		Debug|Any CPU = Debug|Any CPU
		Debug|x86 = Debug|x86
		Release|Any CPU = Release|Any CPU
		Release|x86 = Release|x86
	EndGlobalSection
	GlobalSection(ProjectConfigurationPlatforms) = postSolution
		{E20E0190-A028-4E85-A19C-BC07C7D9A496}.Debug|Any CPU.ActiveCfg = Debug|Any CPU
		{E20E0190-A028-4E85-A19C-BC07C7D9A496}.Debug|Any CPU.Build.0 = Debug|Any CPU
		{E20E0190-A028-4E85-A19C-BC07C7D9A496}.Debug|x86.ActiveCfg = Debug|x86
		{E20E0190-A028-4E85-A19C-BC07C7D9A496}.Debug|x86.Build.0 = Debug|x86
		{E20E0190-A028-4E85-A19C-BC07C7D9A496}.Release|Any CPU.ActiveCfg = Release|Any CPU
		{E20E0190-A028-4E85-A19C-BC07C7D9A496}.Release|Any CPU.Build.0 = Release|Any CPU
		{E20E0190-A028-4E85-A19C-BC07C7D9A496}.Release|x86.ActiveCfg = Release|x86
		{E20E0190-A028-4E85-A19C-BC07C7D9A496}.Release|x86.Build.0 = Release|x86
		{65C24A5A-4F8F-42BB-A793-755FA13B11B3}.Debug|Any CPU.ActiveCfg = Debug|Any CPU
		{65C24A5A-4F8F-42BB-A793-755FA13B11B3}.Debug|Any CPU.Build.0 = Debug|Any CPU
		{65C24A5A-4F8F-42BB-A793-755FA13B11B3}.Debug|x86.ActiveCfg = Debug|Any CPU
		{65C24A5A-4F8F-42BB-A793-755FA13B11B3}.Release|Any CPU.ActiveCfg = Release|Any CPU
		{65C24A5A-4F8F-42BB-A793-755FA13B11B3}.Release|Any CPU.Build.0 = Release|Any CPU
		{65C24A5A-4F8F-42BB-A793-755FA13B11B3}.Release|x86.ActiveCfg = Release|Any CPU
	EndGlobalSection
	GlobalSection(SolutionProperties) = preSolution
		HideSolutionNode = FALSE
	EndGlobalSection
EndGlobal
