
Microsoft Visual Studio Solution File, Format Version 11.00
# Visual Studio 2010
Project("{FAE04EC0-301F-11D3-BF4B-00C04F79EFBC}") = "RouteAttributeExample", "RouteAttributeExample\RouteAttributeExample.csproj", "{DAC63C9A-3D05-42BF-B2E7-4D4595A41972}"
EndProject
Global
	GlobalSection(SolutionConfigurationPlatforms) = preSolution
		Debug|Any CPU = Debug|Any CPU
		Release|Any CPU = Release|Any CPU
	EndGlobalSection
	GlobalSection(ProjectConfigurationPlatforms) = postSolution
		{DAC63C9A-3D05-42BF-B2E7-4D4595A41972}.Debug|Any CPU.ActiveCfg = Debug|Any CPU
		{DAC63C9A-3D05-42BF-B2E7-4D4595A41972}.Debug|Any CPU.Build.0 = Debug|Any CPU
		{DAC63C9A-3D05-42BF-B2E7-4D4595A41972}.Release|Any CPU.ActiveCfg = Release|Any CPU
		{DAC63C9A-3D05-42BF-B2E7-4D4595A41972}.Release|Any CPU.Build.0 = Release|Any CPU
	EndGlobalSection
	GlobalSection(SolutionProperties) = preSolution
		HideSolutionNode = FALSE
	EndGlobalSection
EndGlobal
